
Microsoft Visual Studio Solution File, Format Version 12.00
# Visual Studio Version 17
VisualStudioVersion = 17.14.36518.9
MinimumVisualStudioVersion = 10.0.40219.1
Project("{FAE04EC0-301F-11D3-BF4B-00C04F79EFBC}") = "SemanticKernel.Examples", "SemanticKernel.Examples\SemanticKernel.Examples.csproj", "{1B90E1A2-B166-A35A-A5AD-E9B3109D425C}"
EndProject
Global
	GlobalSection(SolutionConfigurationPlatforms) = preSolution
		Debug|Any CPU = Debug|Any CPU
		Release|Any CPU = Release|Any CPU
	EndGlobalSection
	GlobalSection(ProjectConfigurationPlatforms) = postSolution
		{1B90E1A2-B166-A35A-A5AD-E9B3109D425C}.Debug|Any CPU.ActiveCfg = Debug|Any CPU
		{1B90E1A2-B166-A35A-A5AD-E9B3109D425C}.Debug|Any CPU.Build.0 = Debug|Any CPU
		{1B90E1A2-B166-A35A-A5AD-E9B3109D425C}.Release|Any CPU.ActiveCfg = Release|Any CPU
		{1B90E1A2-B166-A35A-A5AD-E9B3109D425C}.Release|Any CPU.Build.0 = Release|Any CPU
	EndGlobalSection
	GlobalSection(SolutionProperties) = preSolution
		HideSolutionNode = FALSE
	EndGlobalSection
	GlobalSection(ExtensibilityGlobals) = postSolution
		SolutionGuid = {926A2898-F4D3-40CF-A119-B6EB3076E765}
	EndGlobalSection
EndGlobal
